
Microsoft Visual Studio Solution File, Format Version 12.00
# Visual Studio 15
VisualStudioVersion = 15.0.28307.489
MinimumVisualStudioVersion = 10.0.40219.1
Project("{FAE04EC0-301F-11D3-BF4B-00C04F79EFBC}") = "ReportDesktop", "ReportDesktop\ReportDesktop.csproj", "{F65485BA-2004-4F43-9A1B-1B62BBABB89C}"
EndProject
Global
	GlobalSection(SolutionConfigurationPlatforms) = preSolution
		Debug|Any CPU = Debug|Any CPU
		Release|Any CPU = Release|Any CPU
	EndGlobalSection
	GlobalSection(ProjectConfigurationPlatforms) = postSolution
		{F65485BA-2004-4F43-9A1B-1B62BBABB89C}.Debug|Any CPU.ActiveCfg = Debug|Any CPU
		{F65485BA-2004-4F43-9A1B-1B62BBABB89C}.Debug|Any CPU.Build.0 = Debug|Any CPU
		{F65485BA-2004-4F43-9A1B-1B62BBABB89C}.Release|Any CPU.ActiveCfg = Release|Any CPU
		{F65485BA-2004-4F43-9A1B-1B62BBABB89C}.Release|Any CPU.Build.0 = Release|Any CPU
	EndGlobalSection
	GlobalSection(SolutionProperties) = preSolution
		HideSolutionNode = FALSE
	EndGlobalSection
	GlobalSection(ExtensibilityGlobals) = postSolution
		SolutionGuid = {D0D3B322-7F47-4204-84FB-6432BE074FD1}
	EndGlobalSection
EndGlobal
